
Microsoft Visual Studio Solution File, Format Version 12.00
# Visual Studio Express 2013 for Windows Desktop
VisualStudioVersion = 12.0.30723.0
MinimumVisualStudioVersion = 10.0.40219.1
Project("{FAE04EC0-301F-11D3-BF4B-00C04F79EFBC}") = "SIMSTransferLogins", "SIMSTransferLogins\SIMSTransferLogins.csproj", "{AA63AC29-2DD3-4B1B-8814-718544B6C29A}"
EndProject
Global
	GlobalSection(SolutionConfigurationPlatforms) = preSolution
		Debug|x86 = Debug|x86
		Release|x86 = Release|x86
	EndGlobalSection
	GlobalSection(ProjectConfigurationPlatforms) = postSolution
		{AA63AC29-2DD3-4B1B-8814-718544B6C29A}.Debug|x86.ActiveCfg = Debug|x86
		{AA63AC29-2DD3-4B1B-8814-718544B6C29A}.Debug|x86.Build.0 = Debug|x86
		{AA63AC29-2DD3-4B1B-8814-718544B6C29A}.Release|x86.ActiveCfg = Release|x86
		{AA63AC29-2DD3-4B1B-8814-718544B6C29A}.Release|x86.Build.0 = Release|x86
	EndGlobalSection
	GlobalSection(SolutionProperties) = preSolution
		HideSolutionNode = FALSE
	EndGlobalSection
EndGlobal
